{"is_source_file": false, "format": "", "description": "", "external_files": [], "external_methods": [], "published": [], "classes": [], "methods": [], "calls": [], "search-terms": [], "state": 2, "file_id": 85, "knowledge_revision": 226, "git_revision": "", "hash": "eb25c485bd4a8c50bba8f6f895b29368", "format-version": 4, "code-base-name": "default", "filename": "recipeapp_frontend/macos/Runner.xcodeproj/project.pbxproj", "revision_history": [{"226": ""}]}