{"is_source_file": false, "format": null, "description": "", "external_files": [], "external_methods": [], "published": [], "classes": [], "methods": [], "calls": [], "search-terms": [], "state": 2, "file_id": 45, "knowledge_revision": 184, "git_revision": "", "hash": "97048013b34b9ce054b832ac6d979e5d", "format-version": 4, "code-base-name": "default", "filename": "recipeapp_frontend/ios/Runner.xcodeproj/project.pbxproj", "revision_history": [{"184": ""}]}