{"is_source_file": false, "format": "", "description": "", "external_files": [], "external_methods": [], "published": [], "classes": [], "methods": [], "calls": [], "search-terms": [], "state": 2, "file_id": 86, "knowledge_revision": 229, "git_revision": "", "hash": "814e1c94ac631c70195ff078e878922e", "format-version": 4, "code-base-name": "default", "filename": "recipeapp_frontend/macos/Runner.xcodeproj/xcshareddata/xcschemes/Runner.xcscheme", "revision_history": [{"229": ""}]}